
Microsoft Visual Studio Solution File, Format Version 12.00
# Visual Studio 2012
Project("{FAE04EC0-301F-11D3-BF4B-00C04F79EFBC}") = "Assembly-CSharp", "Assembly-CSharp.csproj", "{F44A5444-801A-3AB5-5856-7D2AA434F9DE}"
EndProject
Global
	GlobalSection(SolutionConfigurationPlatforms) = preSolution
		Debug|Any CPU = Debug|Any CPU
		Release|Any CPU = Release|Any CPU
	EndGlobalSection
	GlobalSection(ProjectConfigurationPlatforms) = postSolution
		{F44A5444-801A-3AB5-5856-7D2AA434F9DE}.Debug|Any CPU.ActiveCfg = Debug|Any CPU
		{F44A5444-801A-3AB5-5856-7D2AA434F9DE}.Debug|Any CPU.Build.0 = Debug|Any CPU
		{F44A5444-801A-3AB5-5856-7D2AA434F9DE}.Release|Any CPU.ActiveCfg = Release|Any CPU
		{F44A5444-801A-3AB5-5856-7D2AA434F9DE}.Release|Any CPU.Build.0 = Release|Any CPU
	EndGlobalSection
EndGlobal
